
Microsoft Visual Studio Solution File, Format Version 12.00
# Visual Studio Version 16
VisualStudioVersion = 16.0.31229.75
MinimumVisualStudioVersion = 10.0.40219.1
Project("{FAE04EC0-301F-11D3-BF4B-00C04F79EFBC}") = "AuctimoTraders", "AuctimoTraders\AuctimoTraders.csproj", "{D8C64144-0D4D-4D6D-AD81-F37C749E226C}"
EndProject
Global
	GlobalSection(SolutionConfigurationPlatforms) = preSolution
		Debug|Any CPU = Debug|Any CPU
		Release|Any CPU = Release|Any CPU
	EndGlobalSection
	GlobalSection(ProjectConfigurationPlatforms) = postSolution
		{D8C64144-0D4D-4D6D-AD81-F37C749E226C}.Debug|Any CPU.ActiveCfg = Debug|Any CPU
		{D8C64144-0D4D-4D6D-AD81-F37C749E226C}.Debug|Any CPU.Build.0 = Debug|Any CPU
		{D8C64144-0D4D-4D6D-AD81-F37C749E226C}.Release|Any CPU.ActiveCfg = Release|Any CPU
		{D8C64144-0D4D-4D6D-AD81-F37C749E226C}.Release|Any CPU.Build.0 = Release|Any CPU
	EndGlobalSection
	GlobalSection(SolutionProperties) = preSolution
		HideSolutionNode = FALSE
	EndGlobalSection
	GlobalSection(ExtensibilityGlobals) = postSolution
		SolutionGuid = {F26B03B3-2A3B-4556-9680-E4DDBACAF1CC}
	EndGlobalSection
EndGlobal
